// !$*UTF8*$!
{
	archiveVersion = 1;
	classes = {
	};
	objectVersion = 56;
	objects = {

/* Begin PBXBuildFile section */
		8DAB4B372A3720ED00BACE38 /* AppDelegate.swift in Sources */ = {isa = PBXBuildFile; fileRef = 8DAB4B362A3720ED00BACE38 /* AppDelegate.swift */; };
		8DAB4B392A3720ED00BACE38 /* SceneDelegate.swift in Sources */ = {isa = PBXBuildFile; fileRef = 8DAB4B382A3720ED00BACE38 /* SceneDelegate.swift */; };
		8DAB4B3B2A3720ED00BACE38 /* ViewController.swift in Sources */ = {isa = PBXBuildFile; fileRef = 8DAB4B3A2A3720ED00BACE38 /* ViewController.swift */; };
		8DAB4B3E2A3720ED00BACE38 /* Main.storyboard in Resources */ = {isa = PBXBuildFile; fileRef = 8DAB4B3C2A3720ED00BACE38 /* Main.storyboard */; };
		8DAB4B402A3720EF00BACE38 /* Assets.xcassets in Resources */ = {isa = PBXBuildFile; fileRef = 8DAB4B3F2A3720EF00BACE38 /* Assets.xcassets */; };
		8DAB4B432A3720EF00BACE38 /* LaunchScreen.storyboard in Resources */ = {isa = PBXBuildFile; fileRef = 8DAB4B412A3720EF00BACE38 /* LaunchScreen.storyboard */; };
		8DAB4B512A37215700BACE38 /* WidgetKit.framework in Frameworks */ = {isa = PBXBuildFile; fileRef = 8DAB4B502A37215700BACE38 /* WidgetKit.framework */; };
		8DAB4B532A37215700BACE38 /* SwiftUI.framework in Frameworks */ = {isa = PBXBuildFile; fileRef = 8DAB4B522A37215700BACE38 /* SwiftUI.framework */; };
		8DAB4B562A37215700BACE38 /* liveActivityBundle.swift in Sources */ = {isa = PBXBuildFile; fileRef = 8DAB4B552A37215700BACE38 /* liveActivityBundle.swift */; };
		8DAB4B582A37215700BACE38 /* liveActivity.swift in Sources */ = {isa = PBXBuildFile; fileRef = 8DAB4B572A37215700BACE38 /* liveActivity.swift */; };
		8DAB4B5A2A37215800BACE38 /* Assets.xcassets in Resources */ = {isa = PBXBuildFile; fileRef = 8DAB4B592A37215800BACE38 /* Assets.xcassets */; };
		8DAB4B5E2A37215800BACE38 /* liveActivityExtension.appex in Embed Foundation Extensions */ = {isa = PBXBuildFile; fileRef = 8DAB4B4E2A37215700BACE38 /* liveActivityExtension.appex */; settings = {ATTRIBUTES = (RemoveHeadersOnCopy, ); }; };
		8DAB4B6A2A3722DC00BACE38 /* StatusAtribute.swift in Sources */ = {isa = PBXBuildFile; fileRef = 8DAB4B682A3722D800BACE38 /* StatusAtribute.swift */; };
/* End PBXBuildFile section */

/* Begin PBXContainerItemProxy section */
		8DAB4B5C2A37215800BACE38 /* PBXContainerItemProxy */ = {
			isa = PBXContainerItemProxy;
			containerPortal = 8DAB4B2B2A3720ED00BACE38 /* Project object */;
			proxyType = 1;
			remoteGlobalIDString = 8DAB4B4D2A37215700BACE38;
			remoteInfo = liveActivityExtension;
		};
/* End PBXContainerItemProxy section */

/* Begin PBXCopyFilesBuildPhase section */
		8DAB4B622A37215800BACE38 /* Embed Foundation Extensions */ = {
			isa = PBXCopyFilesBuildPhase;
			buildActionMask = 2147483647;
			dstPath = "";
			dstSubfolderSpec = 13;
			files = (
				8DAB4B5E2A37215800BACE38 /* liveActivityExtension.appex in Embed Foundation Extensions */,
			);
			name = "Embed Foundation Extensions";
			runOnlyForDeploymentPostprocessing = 0;
		};
/* End PBXCopyFilesBuildPhase section */

/* Begin PBXFileReference section */
		8DAB4B332A3720ED00BACE38 /* pocLiveActivity.app */ = {isa = PBXFileReference; explicitFileType = wrapper.application; includeInIndex = 0; path = pocLiveActivity.app; sourceTree = BUILT_PRODUCTS_DIR; };
		8DAB4B362A3720ED00BACE38 /* AppDelegate.swift */ = {isa = PBXFileReference; lastKnownFileType = sourcecode.swift; path = AppDelegate.swift; sourceTree = "<group>"; };
		8DAB4B382A3720ED00BACE38 /* SceneDelegate.swift */ = {isa = PBXFileReference; lastKnownFileType = sourcecode.swift; path = SceneDelegate.swift; sourceTree = "<group>"; };
		8DAB4B3A2A3720ED00BACE38 /* ViewController.swift */ = {isa = PBXFileReference; lastKnownFileType = sourcecode.swift; path = ViewController.swift; sourceTree = "<group>"; };
		8DAB4B3D2A3720ED00BACE38 /* Base */ = {isa = PBXFileReference; lastKnownFileType = file.storyboard; name = Base; path = Base.lproj/Main.storyboard; sourceTree = "<group>"; };
		8DAB4B3F2A3720EF00BACE38 /* Assets.xcassets */ = {isa = PBXFileReference; lastKnownFileType = folder.assetcatalog; path = Assets.xcassets; sourceTree = "<group>"; };
		8DAB4B422A3720EF00BACE38 /* Base */ = {isa = PBXFileReference; lastKnownFileType = file.storyboard; name = Base; path = Base.lproj/LaunchScreen.storyboard; sourceTree = "<group>"; };
		8DAB4B442A3720EF00BACE38 /* Info.plist */ = {isa = PBXFileReference; lastKnownFileType = text.plist.xml; path = Info.plist; sourceTree = "<group>"; };
		8DAB4B4E2A37215700BACE38 /* liveActivityExtension.appex */ = {isa = PBXFileReference; explicitFileType = "wrapper.app-extension"; includeInIndex = 0; path = liveActivityExtension.appex; sourceTree = BUILT_PRODUCTS_DIR; };
		8DAB4B502A37215700BACE38 /* WidgetKit.framework */ = {isa = PBXFileReference; lastKnownFileType = wrapper.framework; name = WidgetKit.framework; path = System/Library/Frameworks/WidgetKit.framework; sourceTree = SDKROOT; };
		8DAB4B522A37215700BACE38 /* SwiftUI.framework */ = {isa = PBXFileReference; lastKnownFileType = wrapper.framework; name = SwiftUI.framework; path = System/Library/Frameworks/SwiftUI.framework; sourceTree = SDKROOT; };
		8DAB4B552A37215700BACE38 /* liveActivityBundle.swift */ = {isa = PBXFileReference; lastKnownFileType = sourcecode.swift; path = liveActivityBundle.swift; sourceTree = "<group>"; };
		8DAB4B572A37215700BACE38 /* liveActivity.swift */ = {isa = PBXFileReference; lastKnownFileType = sourcecode.swift; path = liveActivity.swift; sourceTree = "<group>"; };
		8DAB4B592A37215800BACE38 /* Assets.xcassets */ = {isa = PBXFileReference; lastKnownFileType = folder.assetcatalog; path = Assets.xcassets; sourceTree = "<group>"; };
		8DAB4B5B2A37215800BACE38 /* Info.plist */ = {isa = PBXFileReference; lastKnownFileType = text.plist.xml; path = Info.plist; sourceTree = "<group>"; };
		8DAB4B682A3722D800BACE38 /* StatusAtribute.swift */ = {isa = PBXFileReference; lastKnownFileType = sourcecode.swift; path = StatusAtribute.swift; sourceTree = "<group>"; };
/* End PBXFileReference section */

/* Begin PBXFrameworksBuildPhase section */
		8DAB4B302A3720ED00BACE38 /* Frameworks */ = {
			isa = PBXFrameworksBuildPhase;
			buildActionMask = 2147483647;
			files = (
			);
			runOnlyForDeploymentPostprocessing = 0;
		};
		8DAB4B4B2A37215700BACE38 /* Frameworks */ = {
			isa = PBXFrameworksBuildPhase;
			buildActionMask = 2147483647;
			files = (
				8DAB4B532A37215700BACE38 /* SwiftUI.framework in Frameworks */,
				8DAB4B512A37215700BACE38 /* WidgetKit.framework in Frameworks */,
			);
			runOnlyForDeploymentPostprocessing = 0;
		};
/* End PBXFrameworksBuildPhase section */

/* Begin PBXGroup section */
		8DAB4B2A2A3720ED00BACE38 = {
			isa = PBXGroup;
			children = (
				8DAB4B352A3720ED00BACE38 /* pocLiveActivity */,
				8DAB4B542A37215700BACE38 /* liveActivity */,
				8DAB4B4F2A37215700BACE38 /* Frameworks */,
				8DAB4B342A3720ED00BACE38 /* Products */,
			);
			sourceTree = "<group>";
		};
		8DAB4B342A3720ED00BACE38 /* Products */ = {
			isa = PBXGroup;
			children = (
				8DAB4B332A3720ED00BACE38 /* pocLiveActivity.app */,
				8DAB4B4E2A37215700BACE38 /* liveActivityExtension.appex */,
			);
			name = Products;
			sourceTree = "<group>";
		};
		8DAB4B352A3720ED00BACE38 /* pocLiveActivity */ = {
			isa = PBXGroup;
			children = (
				8DAB4B362A3720ED00BACE38 /* AppDelegate.swift */,
				8DAB4B382A3720ED00BACE38 /* SceneDelegate.swift */,
				8DAB4B3A2A3720ED00BACE38 /* ViewController.swift */,
				8DAB4B682A3722D800BACE38 /* StatusAtribute.swift */,
				8DAB4B3C2A3720ED00BACE38 /* Main.storyboard */,
				8DAB4B3F2A3720EF00BACE38 /* Assets.xcassets */,
				8DAB4B412A3720EF00BACE38 /* LaunchScreen.storyboard */,
				8DAB4B442A3720EF00BACE38 /* Info.plist */,
			);
			path = pocLiveActivity;
			sourceTree = "<group>";
		};
		8DAB4B4F2A37215700BACE38 /* Frameworks */ = {
			isa = PBXGroup;
			children = (
				8DAB4B502A37215700BACE38 /* WidgetKit.framework */,
				8DAB4B522A37215700BACE38 /* SwiftUI.framework */,
			);
			name = Frameworks;
			sourceTree = "<group>";
		};
		8DAB4B542A37215700BACE38 /* liveActivity */ = {
			isa = PBXGroup;
			children = (
				8DAB4B552A37215700BACE38 /* liveActivityBundle.swift */,
				8DAB4B572A37215700BACE38 /* liveActivity.swift */,
				8DAB4B592A37215800BACE38 /* Assets.xcassets */,
				8DAB4B5B2A37215800BACE38 /* Info.plist */,
			);
			path = liveActivity;
			sourceTree = "<group>";
		};
/* End PBXGroup section */

/* Begin PBXNativeTarget section */
		8DAB4B322A3720ED00BACE38 /* pocLiveActivity */ = {
			isa = PBXNativeTarget;
			buildConfigurationList = 8DAB4B472A3720EF00BACE38 /* Build configuration list for PBXNativeTarget "pocLiveActivity" */;
			buildPhases = (
				8DAB4B2F2A3720ED00BACE38 /* Sources */,
				8DAB4B302A3720ED00BACE38 /* Frameworks */,
				8DAB4B312A3720ED00BACE38 /* Resources */,
				8DAB4B622A37215800BACE38 /* Embed Foundation Extensions */,
			);
			buildRules = (
			);
			dependencies = (
				8DAB4B5D2A37215800BACE38 /* PBXTargetDependency */,
			);
			name = pocLiveActivity;
			productName = pocLiveActivity;
			productReference = 8DAB4B332A3720ED00BACE38 /* pocLiveActivity.app */;
			productType = "com.apple.product-type.application";
		};
		8DAB4B4D2A37215700BACE38 /* liveActivityExtension */ = {
			isa = PBXNativeTarget;
			buildConfigurationList = 8DAB4B5F2A37215800BACE38 /* Build configuration list for PBXNativeTarget "liveActivityExtension" */;
			buildPhases = (
				8DAB4B4A2A37215700BACE38 /* Sources */,
				8DAB4B4B2A37215700BACE38 /* Frameworks */,
				8DAB4B4C2A37215700BACE38 /* Resources */,
			);
			buildRules = (
			);
			dependencies = (
			);
			name = liveActivityExtension;
			productName = liveActivityExtension;
			productReference = 8DAB4B4E2A37215700BACE38 /* liveActivityExtension.appex */;
			productType = "com.apple.product-type.app-extension";
		};
/* End PBXNativeTarget section */

/* Begin PBXProject section */
		8DAB4B2B2A3720ED00BACE38 /* Project object */ = {
			isa = PBXProject;
			attributes = {
				BuildIndependentTargetsInParallel = 1;
				LastSwiftUpdateCheck = 1420;
				LastUpgradeCheck = 1420;
				TargetAttributes = {
					8DAB4B322A3720ED00BACE38 = {
						CreatedOnToolsVersion = 14.2;
					};
					8DAB4B4D2A37215700BACE38 = {
						CreatedOnToolsVersion = 14.2;
					};
				};
			};
			buildConfigurationList = 8DAB4B2E2A3720ED00BACE38 /* Build configuration list for PBXProject "pocLiveActivity" */;
			compatibilityVersion = "Xcode 14.0";
			developmentRegion = en;
			hasScannedForEncodings = 0;
			knownRegions = (
				en,
				Base,
			);
			mainGroup = 8DAB4B2A2A3720ED00BACE38;
			productRefGroup = 8DAB4B342A3720ED00BACE38 /* Products */;
			projectDirPath = "";
			projectRoot = "";
			targets = (
				8DAB4B322A3720ED00BACE38 /* pocLiveActivity */,
				8DAB4B4D2A37215700BACE38 /* liveActivityExtension */,
			);
		};
/* End PBXProject section */

/* Begin PBXResourcesBuildPhase section */
		8DAB4B312A3720ED00BACE38 /* Resources */ = {
			isa = PBXResourcesBuildPhase;
			buildActionMask = 2147483647;
			files = (
				8DAB4B432A3720EF00BACE38 /* LaunchScreen.storyboard in Resources */,
				8DAB4B402A3720EF00BACE38 /* Assets.xcassets in Resources */,
				8DAB4B3E2A3720ED00BACE38 /* Main.storyboard in Resources */,
			);
			runOnlyForDeploymentPostprocessing = 0;
		};
		8DAB4B4C2A37215700BACE38 /* Resources */ = {
			isa = PBXResourcesBuildPhase;
			buildActionMask = 2147483647;
			files = (
				8DAB4B5A2A37215800BACE38 /* Assets.xcassets in Resources */,
			);
			runOnlyForDeploymentPostprocessing = 0;
		};
/* End PBXResourcesBuildPhase section */

/* Begin PBXSourcesBuildPhase section */
		8DAB4B2F2A3720ED00BACE38 /* Sources */ = {
			isa = PBXSourcesBuildPhase;
			buildActionMask = 2147483647;
			files = (
				8DAB4B3B2A3720ED00BACE38 /* ViewController.swift in Sources */,
				8DAB4B372A3720ED00BACE38 /* AppDelegate.swift in Sources */,
				8DAB4B392A3720ED00BACE38 /* SceneDelegate.swift in Sources */,
				8DAB4B6A2A3722DC00BACE38 /* StatusAtribute.swift in Sources */,
			);
			runOnlyForDeploymentPostprocessing = 0;
		};
		8DAB4B4A2A37215700BACE38 /* Sources */ = {
			isa = PBXSourcesBuildPhase;
			buildActionMask = 2147483647;
			files = (
				8DAB4B582A37215700BACE38 /* liveActivity.swift in Sources */,
				8DAB4B562A37215700BACE38 /* liveActivityBundle.swift in Sources */,
			);
			runOnlyForDeploymentPostprocessing = 0;
		};
/* End PBXSourcesBuildPhase section */

/* Begin PBXTargetDependency section */
		8DAB4B5D2A37215800BACE38 /* PBXTargetDependency */ = {
			isa = PBXTargetDependency;
			target = 8DAB4B4D2A37215700BACE38 /* liveActivityExtension */;
			targetProxy = 8DAB4B5C2A37215800BACE38 /* PBXContainerItemProxy */;
		};
/* End PBXTargetDependency section */

/* Begin PBXVariantGroup section */
		8DAB4B3C2A3720ED00BACE38 /* Main.storyboard */ = {
			isa = PBXVariantGroup;
			children = (
				8DAB4B3D2A3720ED00BACE38 /* Base */,
			);
			name = Main.storyboard;
			sourceTree = "<group>";
		};
		8DAB4B412A3720EF00BACE38 /* LaunchScreen.storyboard */ = {
			isa = PBXVariantGroup;
			children = (
				8DAB4B422A3720EF00BACE38 /* Base */,
			);
			name = LaunchScreen.storyboard;
			sourceTree = "<group>";
		};
/* End PBXVariantGroup section */

/* Begin XCBuildConfiguration section */
		8DAB4B452A3720EF00BACE38 /* Debug */ = {
			isa = XCBuildConfiguration;
			buildSettings = {
				ALWAYS_SEARCH_USER_PATHS = NO;
				CLANG_ANALYZER_NONNULL = YES;
				CLANG_ANALYZER_NUMBER_OBJECT_CONVERSION = YES_AGGRESSIVE;
				CLANG_CXX_LANGUAGE_STANDARD = "gnu++20";
				CLANG_ENABLE_MODULES = YES;
				CLANG_ENABLE_OBJC_ARC = YES;
				CLANG_ENABLE_OBJC_WEAK = YES;
				CLANG_WARN_BLOCK_CAPTURE_AUTORELEASING = YES;
				CLANG_WARN_BOOL_CONVERSION = YES;
				CLANG_WARN_COMMA = YES;
				CLANG_WARN_CONSTANT_CONVERSION = YES;
				CLANG_WARN_DEPRECATED_OBJC_IMPLEMENTATIONS = YES;
				CLANG_WARN_DIRECT_OBJC_ISA_USAGE = YES_ERROR;
				CLANG_WARN_DOCUMENTATION_COMMENTS = YES;
				CLANG_WARN_EMPTY_BODY = YES;
				CLANG_WARN_ENUM_CONVERSION = YES;
				CLANG_WARN_INFINITE_RECURSION = YES;
				CLANG_WARN_INT_CONVERSION = YES;
				CLANG_WARN_NON_LITERAL_NULL_CONVERSION = YES;
				CLANG_WARN_OBJC_IMPLICIT_RETAIN_SELF = YES;
				CLANG_WARN_OBJC_LITERAL_CONVERSION = YES;
				CLANG_WARN_OBJC_ROOT_CLASS = YES_ERROR;
				CLANG_WARN_QUOTED_INCLUDE_IN_FRAMEWORK_HEADER = YES;
				CLANG_WARN_RANGE_LOOP_ANALYSIS = YES;
				CLANG_WARN_STRICT_PROTOTYPES = YES;
				CLANG_WARN_SUSPICIOUS_MOVE = YES;
				CLANG_WARN_UNGUARDED_AVAILABILITY = YES_AGGRESSIVE;
				CLANG_WARN_UNREACHABLE_CODE = YES;
				CLANG_WARN__DUPLICATE_METHOD_MATCH = YES;
				COPY_PHASE_STRIP = NO;
				DEBUG_INFORMATION_FORMAT = dwarf;
				ENABLE_STRICT_OBJC_MSGSEND = YES;
				ENABLE_TESTABILITY = YES;
				GCC_C_LANGUAGE_STANDARD = gnu11;
				GCC_DYNAMIC_NO_PIC = NO;
				GCC_NO_COMMON_BLOCKS = YES;
				GCC_OPTIMIZATION_LEVEL = 0;
				GCC_PREPROCESSOR_DEFINITIONS = (
					"DEBUG=1",
					"$(inherited)",
				);
				GCC_WARN_64_TO_32_BIT_CONVERSION = YES;
				GCC_WARN_ABOUT_RETURN_TYPE = YES_ERROR;
				GCC_WARN_UNDECLARED_SELECTOR = YES;
				GCC_WARN_UNINITIALIZED_AUTOS = YES_AGGRESSIVE;
				GCC_WARN_UNUSED_FUNCTION = YES;
				GCC_WARN_UNUSED_VARIABLE = YES;
				IPHONEOS_DEPLOYMENT_TARGET = 16.2;
				MTL_ENABLE_DEBUG_INFO = INCLUDE_SOURCE;
				MTL_FAST_MATH = YES;
				ONLY_ACTIVE_ARCH = YES;
				SDKROOT = iphoneos;
				SWIFT_ACTIVE_COMPILATION_CONDITIONS = DEBUG;
				SWIFT_OPTIMIZATION_LEVEL = "-Onone";
			};
			name = Debug;
		};
		8DAB4B462A3720EF00BACE38 /* Release */ = {
			isa = XCBuildConfiguration;
			buildSettings = {
				ALWAYS_SEARCH_USER_PATHS = NO;
				CLANG_ANALYZER_NONNULL = YES;
				CLANG_ANALYZER_NUMBER_OBJECT_CONVERSION = YES_AGGRESSIVE;
				CLANG_CXX_LANGUAGE_STANDARD = "gnu++20";
				CLANG_ENABLE_MODULES = YES;
				CLANG_ENABLE_OBJC_ARC = YES;
				CLANG_ENABLE_OBJC_WEAK = YES;
				CLANG_WARN_BLOCK_CAPTURE_AUTORELEASING = YES;
				CLANG_WARN_BOOL_CONVERSION = YES;
				CLANG_WARN_COMMA = YES;
				CLANG_WARN_CONSTANT_CONVERSION = YES;
				CLANG_WARN_DEPRECATED_OBJC_IMPLEMENTATIONS = YES;
				CLANG_WARN_DIRECT_OBJC_ISA_USAGE = YES_ERROR;
				CLANG_WARN_DOCUMENTATION_COMMENTS = YES;
				CLANG_WARN_EMPTY_BODY = YES;
				CLANG_WARN_ENUM_CONVERSION = YES;
				CLANG_WARN_INFINITE_RECURSION = YES;
				CLANG_WARN_INT_CONVERSION = YES;
				CLANG_WARN_NON_LITERAL_NULL_CONVERSION = YES;
				CLANG_WARN_OBJC_IMPLICIT_RETAIN_SELF = YES;
				CLANG_WARN_OBJC_LITERAL_CONVERSION = YES;
				CLANG_WARN_OBJC_ROOT_CLASS = YES_ERROR;
				CLANG_WARN_QUOTED_INCLUDE_IN_FRAMEWORK_HEADER = YES;
				CLANG_WARN_RANGE_LOOP_ANALYSIS = YES;
				CLANG_WARN_STRICT_PROTOTYPES = YES;
				CLANG_WARN_SUSPICIOUS_MOVE = YES;
				CLANG_WARN_UNGUARDED_AVAILABILITY = YES_AGGRESSIVE;
				CLANG_WARN_UNREACHABLE_CODE = YES;
				CLANG_WARN__DUPLICATE_METHOD_MATCH = YES;
				COPY_PHASE_STRIP = NO;
				DEBUG_INFORMATION_FORMAT = "dwarf-with-dsym";
				ENABLE_NS_ASSERTIONS = NO;
				ENABLE_STRICT_OBJC_MSGSEND = YES;
				GCC_C_LANGUAGE_STANDARD = gnu11;
				GCC_NO_COMMON_BLOCKS = YES;
				GCC_WARN_64_TO_32_BIT_CONVERSION = YES;
				GCC_WARN_ABOUT_RETURN_TYPE = YES_ERROR;
				GCC_WARN_UNDECLARED_SELECTOR = YES;
				GCC_WARN_UNINITIALIZED_AUTOS = YES_AGGRESSIVE;
				GCC_WARN_UNUSED_FUNCTION = YES;
				GCC_WARN_UNUSED_VARIABLE = YES;
				IPHONEOS_DEPLOYMENT_TARGET = 16.2;
				MTL_ENABLE_DEBUG_INFO = NO;
				MTL_FAST_MATH = YES;
				SDKROOT = iphoneos;
				SWIFT_COMPILATION_MODE = wholemodule;
				SWIFT_OPTIMIZATION_LEVEL = "-O";
				VALIDATE_PRODUCT = YES;
			};
			name = Release;
		};
		8DAB4B482A3720EF00BACE38 /* Debug */ = {
			isa = XCBuildConfiguration;
			buildSettings = {
				ALWAYS_EMBED_SWIFT_STANDARD_LIBRARIES = YES;
				ASSETCATALOG_COMPILER_APPICON_NAME = AppIcon;
				ASSETCATALOG_COMPILER_GLOBAL_ACCENT_COLOR_NAME = AccentColor;
				CODE_SIGN_STYLE = Automatic;
				CURRENT_PROJECT_VERSION = 1;
				GENERATE_INFOPLIST_FILE = YES;
				INFOPLIST_FILE = pocLiveActivity/Info.plist;
				INFOPLIST_KEY_UIApplicationSupportsIndirectInputEvents = YES;
				INFOPLIST_KEY_UILaunchStoryboardName = LaunchScreen;
				INFOPLIST_KEY_UIMainStoryboardFile = Main;
				INFOPLIST_KEY_UISupportedInterfaceOrientations_iPad = "UIInterfaceOrientationPortrait UIInterfaceOrientationPortraitUpsideDown UIInterfaceOrientationLandscapeLeft UIInterfaceOrientationLandscapeRight";
				INFOPLIST_KEY_UISupportedInterfaceOrientations_iPhone = "UIInterfaceOrientationPortrait UIInterfaceOrientationLandscapeLeft UIInterfaceOrientationLandscapeRight";
				LD_RUNPATH_SEARCH_PATHS = (
					"$(inherited)",
					"@executable_path/Frameworks",
				);
				MARKETING_VERSION = 1.0;
				PRODUCT_BUNDLE_IDENTIFIER = com.myn.pocLiveActivity;
				PRODUCT_NAME = "$(TARGET_NAME)";
				SWIFT_EMIT_LOC_STRINGS = YES;
				SWIFT_VERSION = 5.0;
				TARGETED_DEVICE_FAMILY = "1,2";
			};
			name = Debug;
		};
		8DAB4B492A3720EF00BACE38 /* Release */ = {
			isa = XCBuildConfiguration;
			buildSettings = {
				ALWAYS_EMBED_SWIFT_STANDARD_LIBRARIES = YES;
				ASSETCATALOG_COMPILER_APPICON_NAME = AppIcon;
				ASSETCATALOG_COMPILER_GLOBAL_ACCENT_COLOR_NAME = AccentColor;
				CODE_SIGN_STYLE = Automatic;
				CURRENT_PROJECT_VERSION = 1;
				GENERATE_INFOPLIST_FILE = YES;
				INFOPLIST_FILE = pocLiveActivity/Info.plist;
				INFOPLIST_KEY_UIApplicationSupportsIndirectInputEvents = YES;
				INFOPLIST_KEY_UILaunchStoryboardName = LaunchScreen;
				INFOPLIST_KEY_UIMainStoryboardFile = Main;
				INFOPLIST_KEY_UISupportedInterfaceOrientations_iPad = "UIInterfaceOrientationPortrait UIInterfaceOrientationPortraitUpsideDown UIInterfaceOrientationLandscapeLeft UIInterfaceOrientationLandscapeRight";
				INFOPLIST_KEY_UISupportedInterfaceOrientations_iPhone = "UIInterfaceOrientationPortrait UIInterfaceOrientationLandscapeLeft UIInterfaceOrientationLandscapeRight";
				LD_RUNPATH_SEARCH_PATHS = (
					"$(inherited)",
					"@executable_path/Frameworks",
				);
				MARKETING_VERSION = 1.0;
				PRODUCT_BUNDLE_IDENTIFIER = com.myn.pocLiveActivity;
				PRODUCT_NAME = "$(TARGET_NAME)";
				SWIFT_EMIT_LOC_STRINGS = YES;
				SWIFT_VERSION = 5.0;
				TARGETED_DEVICE_FAMILY = "1,2";
			};
			name = Release;
		};
		8DAB4B602A37215800BACE38 /* Debug */ = {
			isa = XCBuildConfiguration;
			buildSettings = {
				ASSETCATALOG_COMPILER_GLOBAL_ACCENT_COLOR_NAME = AccentColor;
				ASSETCATALOG_COMPILER_WIDGET_BACKGROUND_COLOR_NAME = WidgetBackground;
				CODE_SIGN_STYLE = Automatic;
				CURRENT_PROJECT_VERSION = 1;
				GENERATE_INFOPLIST_FILE = YES;
				INFOPLIST_FILE = liveActivity/Info.plist;
				INFOPLIST_KEY_CFBundleDisplayName = liveActivity;
				INFOPLIST_KEY_NSHumanReadableCopyright = "";
				LD_RUNPATH_SEARCH_PATHS = (
					"$(inherited)",
					"@executable_path/Frameworks",
					"@executable_path/../../Frameworks",
				);
				MARKETING_VERSION = 1.0;
				PRODUCT_BUNDLE_IDENTIFIER = com.myn.pocLiveActivity.liveActivity;
				PRODUCT_NAME = "$(TARGET_NAME)";
				SKIP_INSTALL = YES;
				SWIFT_EMIT_LOC_STRINGS = YES;
				SWIFT_VERSION = 5.0;
				TARGETED_DEVICE_FAMILY = "1,2";
			};
			name = Debug;
		};
		8DAB4B612A37215800BACE38 /* Release */ = {
			isa = XCBuildConfiguration;
			buildSettings = {
				ASSETCATALOG_COMPILER_GLOBAL_ACCENT_COLOR_NAME = AccentColor;
				ASSETCATALOG_COMPILER_WIDGET_BACKGROUND_COLOR_NAME = WidgetBackground;
				CODE_SIGN_STYLE = Automatic;
				CURRENT_PROJECT_VERSION = 1;
				GENERATE_INFOPLIST_FILE = YES;
				INFOPLIST_FILE = liveActivity/Info.plist;
				INFOPLIST_KEY_CFBundleDisplayName = liveActivity;
				INFOPLIST_KEY_NSHumanReadableCopyright = "";
				LD_RUNPATH_SEARCH_PATHS = (
					"$(inherited)",
					"@executable_path/Frameworks",
					"@executable_path/../../Frameworks",
				);
				MARKETING_VERSION = 1.0;
				PRODUCT_BUNDLE_IDENTIFIER = com.myn.pocLiveActivity.liveActivity;
				PRODUCT_NAME = "$(TARGET_NAME)";
				SKIP_INSTALL = YES;
				SWIFT_EMIT_LOC_STRINGS = YES;
				SWIFT_VERSION = 5.0;
				TARGETED_DEVICE_FAMILY = "1,2";
			};
			name = Release;
		};
/* End XCBuildConfiguration section */

/* Begin XCConfigurationList section */
		8DAB4B2E2A3720ED00BACE38 /* Build configuration list for PBXProject "pocLiveActivity" */ = {
			isa = XCConfigurationList;
			buildConfigurations = (
				8DAB4B452A3720EF00BACE38 /* Debug */,
				8DAB4B462A3720EF00BACE38 /* Release */,
			);
			defaultConfigurationIsVisible = 0;
			defaultConfigurationName = Release;
		};
		8DAB4B472A3720EF00BACE38 /* Build configuration list for PBXNativeTarget "pocLiveActivity" */ = {
			isa = XCConfigurationList;
			buildConfigurations = (
				8DAB4B482A3720EF00BACE38 /* Debug */,
				8DAB4B492A3720EF00BACE38 /* Release */,
			);
			defaultConfigurationIsVisible = 0;
			defaultConfigurationName = Release;
		};
		8DAB4B5F2A37215800BACE38 /* Build configuration list for PBXNativeTarget "liveActivityExtension" */ = {
			isa = XCConfigurationList;
			buildConfigurations = (
				8DAB4B602A37215800BACE38 /* Debug */,
				8DAB4B612A37215800BACE38 /* Release */,
			);
			defaultConfigurationIsVisible = 0;
			defaultConfigurationName = Release;
		};
/* End XCConfigurationList section */
	};
	rootObject = 8DAB4B2B2A3720ED00BACE38 /* Project object */;
}
